
Microsoft Visual Studio Solution File, Format Version 12.00
# Visual Studio Version 17
VisualStudioVersion = 17.6.33717.318
MinimumVisualStudioVersion = 10.0.40219.1
Project("{FAE04EC0-301F-11D3-BF4B-00C04F79EFBC}") = "Flat", "Flat\Flat.csproj", "{0048AB8E-07C7-463C-A9BD-1E7C12B1B737}"
EndProject
Project("{FAE04EC0-301F-11D3-BF4B-00C04F79EFBC}") = "FlatPhysics", "FlatPhysics\FlatPhysics.csproj", "{FEABE0FD-5630-424B-B4D7-C63A6A00E801}"
EndProject
Project("{FAE04EC0-301F-11D3-BF4B-00C04F79EFBC}") = "FlatPhysicsTestBed", "FlatPhysicsTestBed\FlatPhysicsTestBed.csproj", "{AFF75AC1-21CC-4BD2-807C-59006D5A667B}"
EndProject
Global
	GlobalSection(SolutionConfigurationPlatforms) = preSolution
		Debug|Any CPU = Debug|Any CPU
		Release|Any CPU = Release|Any CPU
	EndGlobalSection
	GlobalSection(ProjectConfigurationPlatforms) = postSolution
		{0048AB8E-07C7-463C-A9BD-1E7C12B1B737}.Debug|Any CPU.ActiveCfg = Debug|Any CPU
		{0048AB8E-07C7-463C-A9BD-1E7C12B1B737}.Debug|Any CPU.Build.0 = Debug|Any CPU
		{0048AB8E-07C7-463C-A9BD-1E7C12B1B737}.Release|Any CPU.ActiveCfg = Release|Any CPU
		{0048AB8E-07C7-463C-A9BD-1E7C12B1B737}.Release|Any CPU.Build.0 = Release|Any CPU
		{FEABE0FD-5630-424B-B4D7-C63A6A00E801}.Debug|Any CPU.ActiveCfg = Debug|Any CPU
		{FEABE0FD-5630-424B-B4D7-C63A6A00E801}.Debug|Any CPU.Build.0 = Debug|Any CPU
		{FEABE0FD-5630-424B-B4D7-C63A6A00E801}.Release|Any CPU.ActiveCfg = Release|Any CPU
		{FEABE0FD-5630-424B-B4D7-C63A6A00E801}.Release|Any CPU.Build.0 = Release|Any CPU
		{AFF75AC1-21CC-4BD2-807C-59006D5A667B}.Debug|Any CPU.ActiveCfg = Debug|Any CPU
		{AFF75AC1-21CC-4BD2-807C-59006D5A667B}.Debug|Any CPU.Build.0 = Debug|Any CPU
		{AFF75AC1-21CC-4BD2-807C-59006D5A667B}.Release|Any CPU.ActiveCfg = Release|Any CPU
		{AFF75AC1-21CC-4BD2-807C-59006D5A667B}.Release|Any CPU.Build.0 = Release|Any CPU
	EndGlobalSection
	GlobalSection(SolutionProperties) = preSolution
		HideSolutionNode = FALSE
	EndGlobalSection
	GlobalSection(ExtensibilityGlobals) = postSolution
		SolutionGuid = {8F7A1E45-CF1F-481C-9A7A-A781EC716CEF}
	EndGlobalSection
EndGlobal
